
Microsoft Visual Studio Solution File, Format Version 12.00
# Visual Studio 15
VisualStudioVersion = 15.0.27130.2036
MinimumVisualStudioVersion = 10.0.40219.1
Project("{FAE04EC0-301F-11D3-BF4B-00C04F79EFBC}") = "DockerReigstryClientTest", "DockerReigstryClientTest\DockerReigstryClientTest.csproj", "{A6310544-E76B-4FAD-8240-4AAE22DDD506}"
EndProject
Global
	GlobalSection(SolutionConfigurationPlatforms) = preSolution
		Debug|Any CPU = Debug|Any CPU
		Release|Any CPU = Release|Any CPU
	EndGlobalSection
	GlobalSection(ProjectConfigurationPlatforms) = postSolution
		{A6310544-E76B-4FAD-8240-4AAE22DDD506}.Debug|Any CPU.ActiveCfg = Debug|Any CPU
		{A6310544-E76B-4FAD-8240-4AAE22DDD506}.Debug|Any CPU.Build.0 = Debug|Any CPU
		{A6310544-E76B-4FAD-8240-4AAE22DDD506}.Release|Any CPU.ActiveCfg = Release|Any CPU
		{A6310544-E76B-4FAD-8240-4AAE22DDD506}.Release|Any CPU.Build.0 = Release|Any CPU
	EndGlobalSection
	GlobalSection(SolutionProperties) = preSolution
		HideSolutionNode = FALSE
	EndGlobalSection
	GlobalSection(ExtensibilityGlobals) = postSolution
		SolutionGuid = {E616179F-8829-4743-81BB-F99A12E8DDDD}
	EndGlobalSection
EndGlobal
